[{<<"cowboy">>,
  {git,"git://github.com/ninenines/cowboy",
       {ref,"dbb636034f20736e16eb9d6c809217c9525b6cbd"}},
  0},
 {<<"cowlib">>,
  {git,"https://github.com/ninenines/cowlib",
       {ref,"eb9b69d1db4378ee1f191f069b689d02705b8be3"}},
  1},
 {<<"jsone">>,
  {git,"git://github.com/sile/jsone",
       {ref,"1ba7c1ab24b00d8eb7c33e4711a815e330be6c61"}},
  0},
 {<<"quickrand">>,
  {git,"https://github.com/okeuday/quickrand.git",
       {ref,"178c3340ae3f666bfa1fe0472a68e44dca552b1a"}},
  1},
 {<<"ranch">>,
  {git,"https://github.com/ninenines/ranch",
       {ref,"741bfb73ca663394ecf7a73410506d66f01985a6"}},
  1},
 {<<"uuid">>,
  {git,"git://github.com/okeuday/uuid",
       {ref,"15bd7676d29bec7bd967a2cab931006a4c968040"}},
  0}].
